
Microsoft Visual Studio Solution File, Format Version 12.00
# Visual Studio Version 16
VisualStudioVersion = 16.0.810.18
MinimumVisualStudioVersion = 10.0.40219.1
Project("{FAE04EC0-301F-11D3-BF4B-00C04F79EFBC}") = "WizardTreasure", "WizardTreasure\WizardTreasure.csproj", "{13BEE3BF-B2DE-42DE-928C-9B65C1C41E05}"
EndProject
Global
	GlobalSection(SolutionConfigurationPlatforms) = preSolution
		Debug|Any CPU = Debug|Any CPU
		Release|Any CPU = Release|Any CPU
	EndGlobalSection
	GlobalSection(ProjectConfigurationPlatforms) = postSolution
		{13BEE3BF-B2DE-42DE-928C-9B65C1C41E05}.Debug|Any CPU.ActiveCfg = Debug|Any CPU
		{13BEE3BF-B2DE-42DE-928C-9B65C1C41E05}.Debug|Any CPU.Build.0 = Debug|Any CPU
		{13BEE3BF-B2DE-42DE-928C-9B65C1C41E05}.Release|Any CPU.ActiveCfg = Release|Any CPU
		{13BEE3BF-B2DE-42DE-928C-9B65C1C41E05}.Release|Any CPU.Build.0 = Release|Any CPU
	EndGlobalSection
	GlobalSection(SolutionProperties) = preSolution
		HideSolutionNode = FALSE
	EndGlobalSection
	GlobalSection(ExtensibilityGlobals) = postSolution
		SolutionGuid = {C0C93722-63EB-45E8-A569-9B077244C72C}
	EndGlobalSection
EndGlobal
